
Microsoft Visual Studio Solution File, Format Version 12.00
# Visual Studio Version 17
VisualStudioVersion = 17.0.31903.59
MinimumVisualStudioVersion = 10.0.40219.1
Project("{2150E333-8FDC-42A3-9474-1A3956D46DE8}") = "src", "src", "{21CC69EF-CC6E-48CB-9013-9AB708207662}"
EndProject
Project("{2150E333-8FDC-42A3-9474-1A3956D46DE8}") = "Adapters", "Adapters", "{D0A36928-BEC5-4370-85A1-DE7ADC98F55A}"
EndProject
Project("{2150E333-8FDC-42A3-9474-1A3956D46DE8}") = "Core", "Core", "{B80D4D65-5BBA-44CA-AA3D-9A937B83B882}"
EndProject
Project("{2150E333-8FDC-42A3-9474-1A3956D46DE8}") = "Crosscutting", "Crosscutting", "{161D6EE0-101C-4ECF-B12B-11A78BE44796}"
EndProject
Project("{2150E333-8FDC-42A3-9474-1A3956D46DE8}") = "Tests", "Tests", "{5C496920-BF25-4C54-9CEF-34396C61A7B3}"
EndProject
Project("{2150E333-8FDC-42A3-9474-1A3956D46DE8}") = "Driven", "Driven", "{57ECFFAF-A527-48AE-84F9-D066FF2148BA}"
EndProject
Project("{2150E333-8FDC-42A3-9474-1A3956D46DE8}") = "Drivers", "Drivers", "{9FD8729A-EFB7-4A25-99B5-02BA9A3C948B}"
EndProject
Project("{2150E333-8FDC-42A3-9474-1A3956D46DE8}") = "Application", "Application", "{45BD217D-564D-4B2A-B081-A1B9779253AA}"
EndProject
Project("{2150E333-8FDC-42A3-9474-1A3956D46DE8}") = "Domain", "Domain", "{F27C5DDD-A942-4CB6-A86B-D68F8F1DA583}"
EndProject
Project("{2150E333-8FDC-42A3-9474-1A3956D46DE8}") = "Unit", "Unit", "{D3284187-8CC1-479D-9757-C1AF27684C34}"
EndProject
Project("{2150E333-8FDC-42A3-9474-1A3956D46DE8}") = "Infrastructure", "Infrastructure", "{AE90E5D5-F648-42D7-BC9D-0F15504F1254}"
EndProject
Project("{2150E333-8FDC-42A3-9474-1A3956D46DE8}") = "WebApp", "WebApp", "{ADDE0A26-A297-4682-8BD1-40343C596572}"
EndProject
Project("{FAE04EC0-301F-11D3-BF4B-00C04F79EFBC}") = "Umbler.WhoIs.ORM", "Umbler.WhoIs.ORM\Umbler.WhoIs.ORM.csproj", "{14E9419E-D4DD-47E8-910B-6BB7352EE5C0}"
EndProject
Project("{FAE04EC0-301F-11D3-BF4B-00C04F79EFBC}") = "Umbler.WhoIs.WebApp", "Umbler.WhoIs.WebApp\Umbler.WhoIs.WebApp.csproj", "{9D4071D6-BACA-47AE-8B6D-408D47EE38B6}"
EndProject
Project("{FAE04EC0-301F-11D3-BF4B-00C04F79EFBC}") = "Umbler.WhoIs.Application", "Umbler.WhoIs.Application\Umbler.WhoIs.Application.csproj", "{23F5F75D-1420-4C65-8FED-B36F9354B1CE}"
EndProject
Project("{FAE04EC0-301F-11D3-BF4B-00C04F79EFBC}") = "Umbler.WhoIs.Domain", "Umbler.WhoIs.Domain\Umbler.WhoIs.Domain.csproj", "{859C80F8-5D5E-47FF-889E-4119F0A3A954}"
EndProject
Project("{FAE04EC0-301F-11D3-BF4B-00C04F79EFBC}") = "Umbler.WhoIs.Common", "Umbler.WhoIs.Common\Umbler.WhoIs.Common.csproj", "{BDD1B482-4991-4A76-89B7-099363904AB2}"
EndProject
Project("{FAE04EC0-301F-11D3-BF4B-00C04F79EFBC}") = "Umbler.WhoIs.UnitTests", "Umbler.WhoIs.UnitTests\Umbler.WhoIs.UnitTests.csproj", "{1894CE01-AE48-4164-9CA7-62ADC93534DB}"
EndProject
Global
	GlobalSection(SolutionConfigurationPlatforms) = preSolution
		Debug|Any CPU = Debug|Any CPU
		Release|Any CPU = Release|Any CPU
	EndGlobalSection
	GlobalSection(SolutionProperties) = preSolution
		HideSolutionNode = FALSE
	EndGlobalSection
	GlobalSection(NestedProjects) = preSolution
		{D0A36928-BEC5-4370-85A1-DE7ADC98F55A} = {21CC69EF-CC6E-48CB-9013-9AB708207662}
		{B80D4D65-5BBA-44CA-AA3D-9A937B83B882} = {21CC69EF-CC6E-48CB-9013-9AB708207662}
		{161D6EE0-101C-4ECF-B12B-11A78BE44796} = {21CC69EF-CC6E-48CB-9013-9AB708207662}
		{5C496920-BF25-4C54-9CEF-34396C61A7B3} = {21CC69EF-CC6E-48CB-9013-9AB708207662}
		{57ECFFAF-A527-48AE-84F9-D066FF2148BA} = {D0A36928-BEC5-4370-85A1-DE7ADC98F55A}
		{9FD8729A-EFB7-4A25-99B5-02BA9A3C948B} = {D0A36928-BEC5-4370-85A1-DE7ADC98F55A}
		{45BD217D-564D-4B2A-B081-A1B9779253AA} = {B80D4D65-5BBA-44CA-AA3D-9A937B83B882}
		{F27C5DDD-A942-4CB6-A86B-D68F8F1DA583} = {B80D4D65-5BBA-44CA-AA3D-9A937B83B882}
		{D3284187-8CC1-479D-9757-C1AF27684C34} = {5C496920-BF25-4C54-9CEF-34396C61A7B3}
		{AE90E5D5-F648-42D7-BC9D-0F15504F1254} = {57ECFFAF-A527-48AE-84F9-D066FF2148BA}
		{ADDE0A26-A297-4682-8BD1-40343C596572} = {9FD8729A-EFB7-4A25-99B5-02BA9A3C948B}
		{14E9419E-D4DD-47E8-910B-6BB7352EE5C0} = {AE90E5D5-F648-42D7-BC9D-0F15504F1254}
		{9D4071D6-BACA-47AE-8B6D-408D47EE38B6} = {ADDE0A26-A297-4682-8BD1-40343C596572}
		{23F5F75D-1420-4C65-8FED-B36F9354B1CE} = {45BD217D-564D-4B2A-B081-A1B9779253AA}
		{859C80F8-5D5E-47FF-889E-4119F0A3A954} = {F27C5DDD-A942-4CB6-A86B-D68F8F1DA583}
		{BDD1B482-4991-4A76-89B7-099363904AB2} = {161D6EE0-101C-4ECF-B12B-11A78BE44796}
		{1894CE01-AE48-4164-9CA7-62ADC93534DB} = {D3284187-8CC1-479D-9757-C1AF27684C34}
	EndGlobalSection
	GlobalSection(ProjectConfigurationPlatforms) = postSolution
		{14E9419E-D4DD-47E8-910B-6BB7352EE5C0}.Debug|Any CPU.ActiveCfg = Debug|Any CPU
		{14E9419E-D4DD-47E8-910B-6BB7352EE5C0}.Debug|Any CPU.Build.0 = Debug|Any CPU
		{14E9419E-D4DD-47E8-910B-6BB7352EE5C0}.Release|Any CPU.ActiveCfg = Release|Any CPU
		{14E9419E-D4DD-47E8-910B-6BB7352EE5C0}.Release|Any CPU.Build.0 = Release|Any CPU
		{9D4071D6-BACA-47AE-8B6D-408D47EE38B6}.Debug|Any CPU.ActiveCfg = Debug|Any CPU
		{9D4071D6-BACA-47AE-8B6D-408D47EE38B6}.Debug|Any CPU.Build.0 = Debug|Any CPU
		{9D4071D6-BACA-47AE-8B6D-408D47EE38B6}.Release|Any CPU.ActiveCfg = Release|Any CPU
		{9D4071D6-BACA-47AE-8B6D-408D47EE38B6}.Release|Any CPU.Build.0 = Release|Any CPU
		{23F5F75D-1420-4C65-8FED-B36F9354B1CE}.Debug|Any CPU.ActiveCfg = Debug|Any CPU
		{23F5F75D-1420-4C65-8FED-B36F9354B1CE}.Debug|Any CPU.Build.0 = Debug|Any CPU
		{23F5F75D-1420-4C65-8FED-B36F9354B1CE}.Release|Any CPU.ActiveCfg = Release|Any CPU
		{23F5F75D-1420-4C65-8FED-B36F9354B1CE}.Release|Any CPU.Build.0 = Release|Any CPU
		{859C80F8-5D5E-47FF-889E-4119F0A3A954}.Debug|Any CPU.ActiveCfg = Debug|Any CPU
		{859C80F8-5D5E-47FF-889E-4119F0A3A954}.Debug|Any CPU.Build.0 = Debug|Any CPU
		{859C80F8-5D5E-47FF-889E-4119F0A3A954}.Release|Any CPU.ActiveCfg = Release|Any CPU
		{859C80F8-5D5E-47FF-889E-4119F0A3A954}.Release|Any CPU.Build.0 = Release|Any CPU
		{BDD1B482-4991-4A76-89B7-099363904AB2}.Debug|Any CPU.ActiveCfg = Debug|Any CPU
		{BDD1B482-4991-4A76-89B7-099363904AB2}.Debug|Any CPU.Build.0 = Debug|Any CPU
		{BDD1B482-4991-4A76-89B7-099363904AB2}.Release|Any CPU.ActiveCfg = Release|Any CPU
		{BDD1B482-4991-4A76-89B7-099363904AB2}.Release|Any CPU.Build.0 = Release|Any CPU
		{1894CE01-AE48-4164-9CA7-62ADC93534DB}.Debug|Any CPU.ActiveCfg = Debug|Any CPU
		{1894CE01-AE48-4164-9CA7-62ADC93534DB}.Debug|Any CPU.Build.0 = Debug|Any CPU
		{1894CE01-AE48-4164-9CA7-62ADC93534DB}.Release|Any CPU.ActiveCfg = Release|Any CPU
		{1894CE01-AE48-4164-9CA7-62ADC93534DB}.Release|Any CPU.Build.0 = Release|Any CPU
	EndGlobalSection
EndGlobal
